// !$*UTF8*$!
{
	archiveVersion = 1;
	classes = {
	};
	objectVersion = 50;
	objects = {

/* Begin PBXBuildFile section */
		0BCD53A22643AE8000F6AE15 /* ReturnOfTheMacApp.swift in Sources */ = {isa = PBXBuildFile; fileRef = 0BCD53A12643AE8000F6AE15 /* ReturnOfTheMacApp.swift */; };
		0BCD53A42643AE8000F6AE15 /* ContentView.swift in Sources */ = {isa = PBXBuildFile; fileRef = 0BCD53A32643AE8000F6AE15 /* ContentView.swift */; };
		0BCD53A62643AE8100F6AE15 /* Assets.xcassets in Resources */ = {isa = PBXBuildFile; fileRef = 0BCD53A52643AE8100F6AE15 /* Assets.xcassets */; };
		0BCD53A92643AE8100F6AE15 /* Preview Assets.xcassets in Resources */ = {isa = PBXBuildFile; fileRef = 0BCD53A82643AE8100F6AE15 /* Preview Assets.xcassets */; };
		0BCD53B52643AE8100F6AE15 /* ReturnOfTheMacTests.swift in Sources */ = {isa = PBXBuildFile; fileRef = 0BCD53B42643AE8100F6AE15 /* ReturnOfTheMacTests.swift */; };
		0BCD53C02643AE8100F6AE15 /* ReturnOfTheMacUITests.swift in Sources */ = {isa = PBXBuildFile; fileRef = 0BCD53BF2643AE8100F6AE15 /* ReturnOfTheMacUITests.swift */; };
		0BCD53CE2643B2EC00F6AE15 /* GridView.swift in Sources */ = {isa = PBXBuildFile; fileRef = 0BCD53CD2643B2EC00F6AE15 /* GridView.swift */; };
		0BCD53D02643B50A00F6AE15 /* SwitchView.swift in Sources */ = {isa = PBXBuildFile; fileRef = 0BCD53CF2643B50A00F6AE15 /* SwitchView.swift */; };
/* End PBXBuildFile section */

/* Begin PBXContainerItemProxy section */
		0BCD53B12643AE8100F6AE15 /* PBXContainerItemProxy */ = {
			isa = PBXContainerItemProxy;
			containerPortal = 0BCD53962643AE8000F6AE15 /* Project object */;
			proxyType = 1;
			remoteGlobalIDString = 0BCD539D2643AE8000F6AE15;
			remoteInfo = ReturnOfTheMac;
		};
		0BCD53BC2643AE8100F6AE15 /* PBXContainerItemProxy */ = {
			isa = PBXContainerItemProxy;
			containerPortal = 0BCD53962643AE8000F6AE15 /* Project object */;
			proxyType = 1;
			remoteGlobalIDString = 0BCD539D2643AE8000F6AE15;
			remoteInfo = ReturnOfTheMac;
		};
/* End PBXContainerItemProxy section */

/* Begin PBXFileReference section */
		0BCD539E2643AE8000F6AE15 /* ReturnOfTheMac.app */ = {isa = PBXFileReference; explicitFileType = wrapper.application; includeInIndex = 0; path = ReturnOfTheMac.app; sourceTree = BUILT_PRODUCTS_DIR; };
		0BCD53A12643AE8000F6AE15 /* ReturnOfTheMacApp.swift */ = {isa = PBXFileReference; lastKnownFileType = sourcecode.swift; path = ReturnOfTheMacApp.swift; sourceTree = "<group>"; };
		0BCD53A32643AE8000F6AE15 /* ContentView.swift */ = {isa = PBXFileReference; lastKnownFileType = sourcecode.swift; path = ContentView.swift; sourceTree = "<group>"; };
		0BCD53A52643AE8100F6AE15 /* Assets.xcassets */ = {isa = PBXFileReference; lastKnownFileType = folder.assetcatalog; path = Assets.xcassets; sourceTree = "<group>"; };
		0BCD53A82643AE8100F6AE15 /* Preview Assets.xcassets */ = {isa = PBXFileReference; lastKnownFileType = folder.assetcatalog; path = "Preview Assets.xcassets"; sourceTree = "<group>"; };
		0BCD53AA2643AE8100F6AE15 /* Info.plist */ = {isa = PBXFileReference; lastKnownFileType = text.plist.xml; path = Info.plist; sourceTree = "<group>"; };
		0BCD53AB2643AE8100F6AE15 /* ReturnOfTheMac.entitlements */ = {isa = PBXFileReference; lastKnownFileType = text.plist.entitlements; path = ReturnOfTheMac.entitlements; sourceTree = "<group>"; };
		0BCD53B02643AE8100F6AE15 /* ReturnOfTheMacTests.xctest */ = {isa = PBXFileReference; explicitFileType = wrapper.cfbundle; includeInIndex = 0; path = ReturnOfTheMacTests.xctest; sourceTree = BUILT_PRODUCTS_DIR; };
		0BCD53B42643AE8100F6AE15 /* ReturnOfTheMacTests.swift */ = {isa = PBXFileReference; lastKnownFileType = sourcecode.swift; path = ReturnOfTheMacTests.swift; sourceTree = "<group>"; };
		0BCD53B62643AE8100F6AE15 /* Info.plist */ = {isa = PBXFileReference; lastKnownFileType = text.plist.xml; path = Info.plist; sourceTree = "<group>"; };
		0BCD53BB2643AE8100F6AE15 /* ReturnOfTheMacUITests.xctest */ = {isa = PBXFileReference; explicitFileType = wrapper.cfbundle; includeInIndex = 0; path = ReturnOfTheMacUITests.xctest; sourceTree = BUILT_PRODUCTS_DIR; };
		0BCD53BF2643AE8100F6AE15 /* ReturnOfTheMacUITests.swift */ = {isa = PBXFileReference; lastKnownFileType = sourcecode.swift; path = ReturnOfTheMacUITests.swift; sourceTree = "<group>"; };
		0BCD53C12643AE8100F6AE15 /* Info.plist */ = {isa = PBXFileReference; lastKnownFileType = text.plist.xml; path = Info.plist; sourceTree = "<group>"; };
		0BCD53CD2643B2EC00F6AE15 /* GridView.swift */ = {isa = PBXFileReference; lastKnownFileType = sourcecode.swift; path = GridView.swift; sourceTree = "<group>"; };
		0BCD53CF2643B50A00F6AE15 /* SwitchView.swift */ = {isa = PBXFileReference; lastKnownFileType = sourcecode.swift; path = SwitchView.swift; sourceTree = "<group>"; };
/* End PBXFileReference section */

/* Begin PBXFrameworksBuildPhase section */
		0BCD539B2643AE8000F6AE15 /* Frameworks */ = {
			isa = PBXFrameworksBuildPhase;
			buildActionMask = 2147483647;
			files = (
			);
			runOnlyForDeploymentPostprocessing = 0;
		};
		0BCD53AD2643AE8100F6AE15 /* Frameworks */ = {
			isa = PBXFrameworksBuildPhase;
			buildActionMask = 2147483647;
			files = (
			);
			runOnlyForDeploymentPostprocessing = 0;
		};
		0BCD53B82643AE8100F6AE15 /* Frameworks */ = {
			isa = PBXFrameworksBuildPhase;
			buildActionMask = 2147483647;
			files = (
			);
			runOnlyForDeploymentPostprocessing = 0;
		};
/* End PBXFrameworksBuildPhase section */

/* Begin PBXGroup section */
		0BCD53952643AE8000F6AE15 = {
			isa = PBXGroup;
			children = (
				0BCD53A02643AE8000F6AE15 /* ReturnOfTheMac */,
				0BCD53B32643AE8100F6AE15 /* ReturnOfTheMacTests */,
				0BCD53BE2643AE8100F6AE15 /* ReturnOfTheMacUITests */,
				0BCD539F2643AE8000F6AE15 /* Products */,
			);
			sourceTree = "<group>";
		};
		0BCD539F2643AE8000F6AE15 /* Products */ = {
			isa = PBXGroup;
			children = (
				0BCD539E2643AE8000F6AE15 /* ReturnOfTheMac.app */,
				0BCD53B02643AE8100F6AE15 /* ReturnOfTheMacTests.xctest */,
				0BCD53BB2643AE8100F6AE15 /* ReturnOfTheMacUITests.xctest */,
			);
			name = Products;
			sourceTree = "<group>";
		};
		0BCD53A02643AE8000F6AE15 /* ReturnOfTheMac */ = {
			isa = PBXGroup;
			children = (
				0BCD53A12643AE8000F6AE15 /* ReturnOfTheMacApp.swift */,
				0BCD53A32643AE8000F6AE15 /* ContentView.swift */,
				0BCD53CF2643B50A00F6AE15 /* SwitchView.swift */,
				0BCD53CD2643B2EC00F6AE15 /* GridView.swift */,
				0BCD53A52643AE8100F6AE15 /* Assets.xcassets */,
				0BCD53AA2643AE8100F6AE15 /* Info.plist */,
				0BCD53AB2643AE8100F6AE15 /* ReturnOfTheMac.entitlements */,
				0BCD53A72643AE8100F6AE15 /* Preview Content */,
			);
			path = ReturnOfTheMac;
			sourceTree = "<group>";
		};
		0BCD53A72643AE8100F6AE15 /* Preview Content */ = {
			isa = PBXGroup;
			children = (
				0BCD53A82643AE8100F6AE15 /* Preview Assets.xcassets */,
			);
			path = "Preview Content";
			sourceTree = "<group>";
		};
		0BCD53B32643AE8100F6AE15 /* ReturnOfTheMacTests */ = {
			isa = PBXGroup;
			children = (
				0BCD53B42643AE8100F6AE15 /* ReturnOfTheMacTests.swift */,
				0BCD53B62643AE8100F6AE15 /* Info.plist */,
			);
			path = ReturnOfTheMacTests;
			sourceTree = "<group>";
		};
		0BCD53BE2643AE8100F6AE15 /* ReturnOfTheMacUITests */ = {
			isa = PBXGroup;
			children = (
				0BCD53BF2643AE8100F6AE15 /* ReturnOfTheMacUITests.swift */,
				0BCD53C12643AE8100F6AE15 /* Info.plist */,
			);
			path = ReturnOfTheMacUITests;
			sourceTree = "<group>";
		};
/* End PBXGroup section */

/* Begin PBXNativeTarget section */
		0BCD539D2643AE8000F6AE15 /* ReturnOfTheMac */ = {
			isa = PBXNativeTarget;
			buildConfigurationList = 0BCD53C42643AE8100F6AE15 /* Build configuration list for PBXNativeTarget "ReturnOfTheMac" */;
			buildPhases = (
				0BCD539A2643AE8000F6AE15 /* Sources */,
				0BCD539B2643AE8000F6AE15 /* Frameworks */,
				0BCD539C2643AE8000F6AE15 /* Resources */,
			);
			buildRules = (
			);
			dependencies = (
			);
			name = ReturnOfTheMac;
			productName = ReturnOfTheMac;
			productReference = 0BCD539E2643AE8000F6AE15 /* ReturnOfTheMac.app */;
			productType = "com.apple.product-type.application";
		};
		0BCD53AF2643AE8100F6AE15 /* ReturnOfTheMacTests */ = {
			isa = PBXNativeTarget;
			buildConfigurationList = 0BCD53C72643AE8100F6AE15 /* Build configuration list for PBXNativeTarget "ReturnOfTheMacTests" */;
			buildPhases = (
				0BCD53AC2643AE8100F6AE15 /* Sources */,
				0BCD53AD2643AE8100F6AE15 /* Frameworks */,
				0BCD53AE2643AE8100F6AE15 /* Resources */,
			);
			buildRules = (
			);
			dependencies = (
				0BCD53B22643AE8100F6AE15 /* PBXTargetDependency */,
			);
			name = ReturnOfTheMacTests;
			productName = ReturnOfTheMacTests;
			productReference = 0BCD53B02643AE8100F6AE15 /* ReturnOfTheMacTests.xctest */;
			productType = "com.apple.product-type.bundle.unit-test";
		};
		0BCD53BA2643AE8100F6AE15 /* ReturnOfTheMacUITests */ = {
			isa = PBXNativeTarget;
			buildConfigurationList = 0BCD53CA2643AE8100F6AE15 /* Build configuration list for PBXNativeTarget "ReturnOfTheMacUITests" */;
			buildPhases = (
				0BCD53B72643AE8100F6AE15 /* Sources */,
				0BCD53B82643AE8100F6AE15 /* Frameworks */,
				0BCD53B92643AE8100F6AE15 /* Resources */,
			);
			buildRules = (
			);
			dependencies = (
				0BCD53BD2643AE8100F6AE15 /* PBXTargetDependency */,
			);
			name = ReturnOfTheMacUITests;
			productName = ReturnOfTheMacUITests;
			productReference = 0BCD53BB2643AE8100F6AE15 /* ReturnOfTheMacUITests.xctest */;
			productType = "com.apple.product-type.bundle.ui-testing";
		};
/* End PBXNativeTarget section */

/* Begin PBXProject section */
		0BCD53962643AE8000F6AE15 /* Project object */ = {
			isa = PBXProject;
			attributes = {
				LastSwiftUpdateCheck = 1250;
				LastUpgradeCheck = 1250;
				TargetAttributes = {
					0BCD539D2643AE8000F6AE15 = {
						CreatedOnToolsVersion = 12.5;
					};
					0BCD53AF2643AE8100F6AE15 = {
						CreatedOnToolsVersion = 12.5;
						TestTargetID = 0BCD539D2643AE8000F6AE15;
					};
					0BCD53BA2643AE8100F6AE15 = {
						CreatedOnToolsVersion = 12.5;
						TestTargetID = 0BCD539D2643AE8000F6AE15;
					};
				};
			};
			buildConfigurationList = 0BCD53992643AE8000F6AE15 /* Build configuration list for PBXProject "ReturnOfTheMac" */;
			compatibilityVersion = "Xcode 9.3";
			developmentRegion = en;
			hasScannedForEncodings = 0;
			knownRegions = (
				en,
				Base,
			);
			mainGroup = 0BCD53952643AE8000F6AE15;
			productRefGroup = 0BCD539F2643AE8000F6AE15 /* Products */;
			projectDirPath = "";
			projectRoot = "";
			targets = (
				0BCD539D2643AE8000F6AE15 /* ReturnOfTheMac */,
				0BCD53AF2643AE8100F6AE15 /* ReturnOfTheMacTests */,
				0BCD53BA2643AE8100F6AE15 /* ReturnOfTheMacUITests */,
			);
		};
/* End PBXProject section */

/* Begin PBXResourcesBuildPhase section */
		0BCD539C2643AE8000F6AE15 /* Resources */ = {
			isa = PBXResourcesBuildPhase;
			buildActionMask = 2147483647;
			files = (
				0BCD53A92643AE8100F6AE15 /* Preview Assets.xcassets in Resources */,
				0BCD53A62643AE8100F6AE15 /* Assets.xcassets in Resources */,
			);
			runOnlyForDeploymentPostprocessing = 0;
		};
		0BCD53AE2643AE8100F6AE15 /* Resources */ = {
			isa = PBXResourcesBuildPhase;
			buildActionMask = 2147483647;
			files = (
			);
			runOnlyForDeploymentPostprocessing = 0;
		};
		0BCD53B92643AE8100F6AE15 /* Resources */ = {
			isa = PBXResourcesBuildPhase;
			buildActionMask = 2147483647;
			files = (
			);
			runOnlyForDeploymentPostprocessing = 0;
		};
/* End PBXResourcesBuildPhase section */

/* Begin PBXSourcesBuildPhase section */
		0BCD539A2643AE8000F6AE15 /* Sources */ = {
			isa = PBXSourcesBuildPhase;
			buildActionMask = 2147483647;
			files = (
				0BCD53D02643B50A00F6AE15 /* SwitchView.swift in Sources */,
				0BCD53A42643AE8000F6AE15 /* ContentView.swift in Sources */,
				0BCD53CE2643B2EC00F6AE15 /* GridView.swift in Sources */,
				0BCD53A22643AE8000F6AE15 /* ReturnOfTheMacApp.swift in Sources */,
			);
			runOnlyForDeploymentPostprocessing = 0;
		};
		0BCD53AC2643AE8100F6AE15 /* Sources */ = {
			isa = PBXSourcesBuildPhase;
			buildActionMask = 2147483647;
			files = (
				0BCD53B52643AE8100F6AE15 /* ReturnOfTheMacTests.swift in Sources */,
			);
			runOnlyForDeploymentPostprocessing = 0;
		};
		0BCD53B72643AE8100F6AE15 /* Sources */ = {
			isa = PBXSourcesBuildPhase;
			buildActionMask = 2147483647;
			files = (
				0BCD53C02643AE8100F6AE15 /* ReturnOfTheMacUITests.swift in Sources */,
			);
			runOnlyForDeploymentPostprocessing = 0;
		};
/* End PBXSourcesBuildPhase section */

/* Begin PBXTargetDependency section */
		0BCD53B22643AE8100F6AE15 /* PBXTargetDependency */ = {
			isa = PBXTargetDependency;
			target = 0BCD539D2643AE8000F6AE15 /* ReturnOfTheMac */;
			targetProxy = 0BCD53B12643AE8100F6AE15 /* PBXContainerItemProxy */;
		};
		0BCD53BD2643AE8100F6AE15 /* PBXTargetDependency */ = {
			isa = PBXTargetDependency;
			target = 0BCD539D2643AE8000F6AE15 /* ReturnOfTheMac */;
			targetProxy = 0BCD53BC2643AE8100F6AE15 /* PBXContainerItemProxy */;
		};
/* End PBXTargetDependency section */

/* Begin XCBuildConfiguration section */
		0BCD53C22643AE8100F6AE15 /* Debug */ = {
			isa = XCBuildConfiguration;
			buildSettings = {
				ALWAYS_SEARCH_USER_PATHS = NO;
				CLANG_ANALYZER_NONNULL = YES;
				CLANG_ANALYZER_NUMBER_OBJECT_CONVERSION = YES_AGGRESSIVE;
				CLANG_CXX_LANGUAGE_STANDARD = "gnu++14";
				CLANG_CXX_LIBRARY = "libc++";
				CLANG_ENABLE_MODULES = YES;
				CLANG_ENABLE_OBJC_ARC = YES;
				CLANG_ENABLE_OBJC_WEAK = YES;
				CLANG_WARN_BLOCK_CAPTURE_AUTORELEASING = YES;
				CLANG_WARN_BOOL_CONVERSION = YES;
				CLANG_WARN_COMMA = YES;
				CLANG_WARN_CONSTANT_CONVERSION = YES;
				CLANG_WARN_DEPRECATED_OBJC_IMPLEMENTATIONS = YES;
				CLANG_WARN_DIRECT_OBJC_ISA_USAGE = YES_ERROR;
				CLANG_WARN_DOCUMENTATION_COMMENTS = YES;
				CLANG_WARN_EMPTY_BODY = YES;
				CLANG_WARN_ENUM_CONVERSION = YES;
				CLANG_WARN_INFINITE_RECURSION = YES;
				CLANG_WARN_INT_CONVERSION = YES;
				CLANG_WARN_NON_LITERAL_NULL_CONVERSION = YES;
				CLANG_WARN_OBJC_IMPLICIT_RETAIN_SELF = YES;
				CLANG_WARN_OBJC_LITERAL_CONVERSION = YES;
				CLANG_WARN_OBJC_ROOT_CLASS = YES_ERROR;
				CLANG_WARN_QUOTED_INCLUDE_IN_FRAMEWORK_HEADER = YES;
				CLANG_WARN_RANGE_LOOP_ANALYSIS = YES;
				CLANG_WARN_STRICT_PROTOTYPES = YES;
				CLANG_WARN_SUSPICIOUS_MOVE = YES;
				CLANG_WARN_UNGUARDED_AVAILABILITY = YES_AGGRESSIVE;
				CLANG_WARN_UNREACHABLE_CODE = YES;
				CLANG_WARN__DUPLICATE_METHOD_MATCH = YES;
				COPY_PHASE_STRIP = NO;
				DEBUG_INFORMATION_FORMAT = dwarf;
				ENABLE_STRICT_OBJC_MSGSEND = YES;
				ENABLE_TESTABILITY = YES;
				GCC_C_LANGUAGE_STANDARD = gnu11;
				GCC_DYNAMIC_NO_PIC = NO;
				GCC_NO_COMMON_BLOCKS = YES;
				GCC_OPTIMIZATION_LEVEL = 0;
				GCC_PREPROCESSOR_DEFINITIONS = (
					"DEBUG=1",
					"$(inherited)",
				);
				GCC_WARN_64_TO_32_BIT_CONVERSION = YES;
				GCC_WARN_ABOUT_RETURN_TYPE = YES_ERROR;
				GCC_WARN_UNDECLARED_SELECTOR = YES;
				GCC_WARN_UNINITIALIZED_AUTOS = YES_AGGRESSIVE;
				GCC_WARN_UNUSED_FUNCTION = YES;
				GCC_WARN_UNUSED_VARIABLE = YES;
				MACOSX_DEPLOYMENT_TARGET = 11.3;
				MTL_ENABLE_DEBUG_INFO = INCLUDE_SOURCE;
				MTL_FAST_MATH = YES;
				ONLY_ACTIVE_ARCH = YES;
				SDKROOT = macosx;
				SWIFT_ACTIVE_COMPILATION_CONDITIONS = DEBUG;
				SWIFT_OPTIMIZATION_LEVEL = "-Onone";
			};
			name = Debug;
		};
		0BCD53C32643AE8100F6AE15 /* Release */ = {
			isa = XCBuildConfiguration;
			buildSettings = {
				ALWAYS_SEARCH_USER_PATHS = NO;
				CLANG_ANALYZER_NONNULL = YES;
				CLANG_ANALYZER_NUMBER_OBJECT_CONVERSION = YES_AGGRESSIVE;
				CLANG_CXX_LANGUAGE_STANDARD = "gnu++14";
				CLANG_CXX_LIBRARY = "libc++";
				CLANG_ENABLE_MODULES = YES;
				CLANG_ENABLE_OBJC_ARC = YES;
				CLANG_ENABLE_OBJC_WEAK = YES;
				CLANG_WARN_BLOCK_CAPTURE_AUTORELEASING = YES;
				CLANG_WARN_BOOL_CONVERSION = YES;
				CLANG_WARN_COMMA = YES;
				CLANG_WARN_CONSTANT_CONVERSION = YES;
				CLANG_WARN_DEPRECATED_OBJC_IMPLEMENTATIONS = YES;
				CLANG_WARN_DIRECT_OBJC_ISA_USAGE = YES_ERROR;
				CLANG_WARN_DOCUMENTATION_COMMENTS = YES;
				CLANG_WARN_EMPTY_BODY = YES;
				CLANG_WARN_ENUM_CONVERSION = YES;
				CLANG_WARN_INFINITE_RECURSION = YES;
				CLANG_WARN_INT_CONVERSION = YES;
				CLANG_WARN_NON_LITERAL_NULL_CONVERSION = YES;
				CLANG_WARN_OBJC_IMPLICIT_RETAIN_SELF = YES;
				CLANG_WARN_OBJC_LITERAL_CONVERSION = YES;
				CLANG_WARN_OBJC_ROOT_CLASS = YES_ERROR;
				CLANG_WARN_QUOTED_INCLUDE_IN_FRAMEWORK_HEADER = YES;
				CLANG_WARN_RANGE_LOOP_ANALYSIS = YES;
				CLANG_WARN_STRICT_PROTOTYPES = YES;
				CLANG_WARN_SUSPICIOUS_MOVE = YES;
				CLANG_WARN_UNGUARDED_AVAILABILITY = YES_AGGRESSIVE;
				CLANG_WARN_UNREACHABLE_CODE = YES;
				CLANG_WARN__DUPLICATE_METHOD_MATCH = YES;
				COPY_PHASE_STRIP = NO;
				DEBUG_INFORMATION_FORMAT = "dwarf-with-dsym";
				ENABLE_NS_ASSERTIONS = NO;
				ENABLE_STRICT_OBJC_MSGSEND = YES;
				GCC_C_LANGUAGE_STANDARD = gnu11;
				GCC_NO_COMMON_BLOCKS = YES;
				GCC_WARN_64_TO_32_BIT_CONVERSION = YES;
				GCC_WARN_ABOUT_RETURN_TYPE = YES_ERROR;
				GCC_WARN_UNDECLARED_SELECTOR = YES;
				GCC_WARN_UNINITIALIZED_AUTOS = YES_AGGRESSIVE;
				GCC_WARN_UNUSED_FUNCTION = YES;
				GCC_WARN_UNUSED_VARIABLE = YES;
				MACOSX_DEPLOYMENT_TARGET = 11.3;
				MTL_ENABLE_DEBUG_INFO = NO;
				MTL_FAST_MATH = YES;
				SDKROOT = macosx;
				SWIFT_COMPILATION_MODE = wholemodule;
				SWIFT_OPTIMIZATION_LEVEL = "-O";
			};
			name = Release;
		};
		0BCD53C52643AE8100F6AE15 /* Debug */ = {
			isa = XCBuildConfiguration;
			buildSettings = {
				ASSETCATALOG_COMPILER_APPICON_NAME = AppIcon;
				ASSETCATALOG_COMPILER_GLOBAL_ACCENT_COLOR_NAME = AccentColor;
				CODE_SIGN_ENTITLEMENTS = ReturnOfTheMac/ReturnOfTheMac.entitlements;
				CODE_SIGN_STYLE = Automatic;
				COMBINE_HIDPI_IMAGES = YES;
				DEVELOPMENT_ASSET_PATHS = "\"ReturnOfTheMac/Preview Content\"";
				DEVELOPMENT_TEAM = 7EYVSUVBD6;
				ENABLE_HARDENED_RUNTIME = YES;
				ENABLE_PREVIEWS = YES;
				INFOPLIST_FILE = ReturnOfTheMac/Info.plist;
				LD_RUNPATH_SEARCH_PATHS = (
					"$(inherited)",
					"@executable_path/../Frameworks",
				);
				MACOSX_DEPLOYMENT_TARGET = 11.0;
				PRODUCT_BUNDLE_IDENTIFIER = com.johncanelis.ReturnOfTheMac;
				PRODUCT_NAME = "$(TARGET_NAME)";
				SWIFT_VERSION = 5.0;
			};
			name = Debug;
		};
		0BCD53C62643AE8100F6AE15 /* Release */ = {
			isa = XCBuildConfiguration;
			buildSettings = {
				ASSETCATALOG_COMPILER_APPICON_NAME = AppIcon;
				ASSETCATALOG_COMPILER_GLOBAL_ACCENT_COLOR_NAME = AccentColor;
				CODE_SIGN_ENTITLEMENTS = ReturnOfTheMac/ReturnOfTheMac.entitlements;
				CODE_SIGN_STYLE = Automatic;
				COMBINE_HIDPI_IMAGES = YES;
				DEVELOPMENT_ASSET_PATHS = "\"ReturnOfTheMac/Preview Content\"";
				DEVELOPMENT_TEAM = 7EYVSUVBD6;
				ENABLE_HARDENED_RUNTIME = YES;
				ENABLE_PREVIEWS = YES;
				INFOPLIST_FILE = ReturnOfTheMac/Info.plist;
				LD_RUNPATH_SEARCH_PATHS = (
					"$(inherited)",
					"@executable_path/../Frameworks",
				);
				MACOSX_DEPLOYMENT_TARGET = 11.0;
				PRODUCT_BUNDLE_IDENTIFIER = com.johncanelis.ReturnOfTheMac;
				PRODUCT_NAME = "$(TARGET_NAME)";
				SWIFT_VERSION = 5.0;
			};
			name = Release;
		};
		0BCD53C82643AE8100F6AE15 /* Debug */ = {
			isa = XCBuildConfiguration;
			buildSettings = {
				ALWAYS_EMBED_SWIFT_STANDARD_LIBRARIES = YES;
				BUNDLE_LOADER = "$(TEST_HOST)";
				CODE_SIGN_STYLE = Automatic;
				COMBINE_HIDPI_IMAGES = YES;
				DEVELOPMENT_TEAM = 7EYVSUVBD6;
				INFOPLIST_FILE = ReturnOfTheMacTests/Info.plist;
				LD_RUNPATH_SEARCH_PATHS = (
					"$(inherited)",
					"@executable_path/../Frameworks",
					"@loader_path/../Frameworks",
				);
				MACOSX_DEPLOYMENT_TARGET = 11.0;
				PRODUCT_BUNDLE_IDENTIFIER = com.johncanelis.ReturnOfTheMacTests;
				PRODUCT_NAME = "$(TARGET_NAME)";
				SWIFT_VERSION = 5.0;
				TEST_HOST = "$(BUILT_PRODUCTS_DIR)/ReturnOfTheMac.app/Contents/MacOS/ReturnOfTheMac";
			};
			name = Debug;
		};
		0BCD53C92643AE8100F6AE15 /* Release */ = {
			isa = XCBuildConfiguration;
			buildSettings = {
				ALWAYS_EMBED_SWIFT_STANDARD_LIBRARIES = YES;
				BUNDLE_LOADER = "$(TEST_HOST)";
				CODE_SIGN_STYLE = Automatic;
				COMBINE_HIDPI_IMAGES = YES;
				DEVELOPMENT_TEAM = 7EYVSUVBD6;
				INFOPLIST_FILE = ReturnOfTheMacTests/Info.plist;
				LD_RUNPATH_SEARCH_PATHS = (
					"$(inherited)",
					"@executable_path/../Frameworks",
					"@loader_path/../Frameworks",
				);
				MACOSX_DEPLOYMENT_TARGET = 11.0;
				PRODUCT_BUNDLE_IDENTIFIER = com.johncanelis.ReturnOfTheMacTests;
				PRODUCT_NAME = "$(TARGET_NAME)";
				SWIFT_VERSION = 5.0;
				TEST_HOST = "$(BUILT_PRODUCTS_DIR)/ReturnOfTheMac.app/Contents/MacOS/ReturnOfTheMac";
			};
			name = Release;
		};
		0BCD53CB2643AE8100F6AE15 /* Debug */ = {
			isa = XCBuildConfiguration;
			buildSettings = {
				ALWAYS_EMBED_SWIFT_STANDARD_LIBRARIES = YES;
				CODE_SIGN_STYLE = Automatic;
				COMBINE_HIDPI_IMAGES = YES;
				DEVELOPMENT_TEAM = 7EYVSUVBD6;
				INFOPLIST_FILE = ReturnOfTheMacUITests/Info.plist;
				LD_RUNPATH_SEARCH_PATHS = (
					"$(inherited)",
					"@executable_path/../Frameworks",
					"@loader_path/../Frameworks",
				);
				PRODUCT_BUNDLE_IDENTIFIER = com.johncanelis.ReturnOfTheMacUITests;
				PRODUCT_NAME = "$(TARGET_NAME)";
				SWIFT_VERSION = 5.0;
				TEST_TARGET_NAME = ReturnOfTheMac;
			};
			name = Debug;
		};
		0BCD53CC2643AE8100F6AE15 /* Release */ = {
			isa = XCBuildConfiguration;
			buildSettings = {
				ALWAYS_EMBED_SWIFT_STANDARD_LIBRARIES = YES;
				CODE_SIGN_STYLE = Automatic;
				COMBINE_HIDPI_IMAGES = YES;
				DEVELOPMENT_TEAM = 7EYVSUVBD6;
				INFOPLIST_FILE = ReturnOfTheMacUITests/Info.plist;
				LD_RUNPATH_SEARCH_PATHS = (
					"$(inherited)",
					"@executable_path/../Frameworks",
					"@loader_path/../Frameworks",
				);
				PRODUCT_BUNDLE_IDENTIFIER = com.johncanelis.ReturnOfTheMacUITests;
				PRODUCT_NAME = "$(TARGET_NAME)";
				SWIFT_VERSION = 5.0;
				TEST_TARGET_NAME = ReturnOfTheMac;
			};
			name = Release;
		};
/* End XCBuildConfiguration section */

/* Begin XCConfigurationList section */
		0BCD53992643AE8000F6AE15 /* Build configuration list for PBXProject "ReturnOfTheMac" */ = {
			isa = XCConfigurationList;
			buildConfigurations = (
				0BCD53C22643AE8100F6AE15 /* Debug */,
				0BCD53C32643AE8100F6AE15 /* Release */,
			);
			defaultConfigurationIsVisible = 0;
			defaultConfigurationName = Release;
		};
		0BCD53C42643AE8100F6AE15 /* Build configuration list for PBXNativeTarget "ReturnOfTheMac" */ = {
			isa = XCConfigurationList;
			buildConfigurations = (
				0BCD53C52643AE8100F6AE15 /* Debug */,
				0BCD53C62643AE8100F6AE15 /* Release */,
			);
			defaultConfigurationIsVisible = 0;
			defaultConfigurationName = Release;
		};
		0BCD53C72643AE8100F6AE15 /* Build configuration list for PBXNativeTarget "ReturnOfTheMacTests" */ = {
			isa = XCConfigurationList;
			buildConfigurations = (
				0BCD53C82643AE8100F6AE15 /* Debug */,
				0BCD53C92643AE8100F6AE15 /* Release */,
			);
			defaultConfigurationIsVisible = 0;
			defaultConfigurationName = Release;
		};
		0BCD53CA2643AE8100F6AE15 /* Build configuration list for PBXNativeTarget "ReturnOfTheMacUITests" */ = {
			isa = XCConfigurationList;
			buildConfigurations = (
				0BCD53CB2643AE8100F6AE15 /* Debug */,
				0BCD53CC2643AE8100F6AE15 /* Release */,
			);
			defaultConfigurationIsVisible = 0;
			defaultConfigurationName = Release;
		};
/* End XCConfigurationList section */
	};
	rootObject = 0BCD53962643AE8000F6AE15 /* Project object */;
}
